// !$*UTF8*$!
{
	archiveVersion = 1;
	classes = {
	};
	objectVersion = 56;
	objects = {

/* Begin PBXBuildFile section */
		E70173E92B90BECF007AD411 /* WidgetKit.framework in Frameworks */ = {isa = PBXBuildFile; fileRef = E70173E82B90BECF007AD411 /* WidgetKit.framework */; };
		E70173EB2B90BECF007AD411 /* SwiftUI.framework in Frameworks */ = {isa = PBXBuildFile; fileRef = E70173EA2B90BECF007AD411 /* SwiftUI.framework */; };
		E70173EE2B90BECF007AD411 /* biblewidgetBundle.swift in Sources */ = {isa = PBXBuildFile; fileRef = E70173ED2B90BECF007AD411 /* biblewidgetBundle.swift */; };
		E70173F02B90BECF007AD411 /* biblewidget.swift in Sources */ = {isa = PBXBuildFile; fileRef = E70173EF2B90BECF007AD411 /* biblewidget.swift */; };
		E70173F22B90BECF007AD411 /* AppIntent.swift in Sources */ = {isa = PBXBuildFile; fileRef = E70173F12B90BECF007AD411 /* AppIntent.swift */; };
		E70173F42B90BED2007AD411 /* Assets.xcassets in Resources */ = {isa = PBXBuildFile; fileRef = E70173F32B90BED2007AD411 /* Assets.xcassets */; };
		E70173F92B90BED2007AD411 /* biblewidgetExtension.appex in Embed Foundation Extensions */ = {isa = PBXBuildFile; fileRef = E70173E62B90BECF007AD411 /* biblewidgetExtension.appex */; settings = {ATTRIBUTES = (RemoveHeadersOnCopy, ); }; };
		E77945662B90B9C100B8FF5C /* Application.swift in Sources */ = {isa = PBXBuildFile; fileRef = E77945652B90B9C100B8FF5C /* Application.swift */; };
		E77945682B90B9C100B8FF5C /* ContentView.swift in Sources */ = {isa = PBXBuildFile; fileRef = E77945672B90B9C100B8FF5C /* ContentView.swift */; };
		E779456A2B90B9C200B8FF5C /* Assets.xcassets in Resources */ = {isa = PBXBuildFile; fileRef = E77945692B90B9C200B8FF5C /* Assets.xcassets */; };
		E779456E2B90B9C200B8FF5C /* Preview Assets.xcassets in Resources */ = {isa = PBXBuildFile; fileRef = E779456D2B90B9C200B8FF5C /* Preview Assets.xcassets */; };
/* End PBXBuildFile section */

/* Begin PBXContainerItemProxy section */
		E70173F72B90BED2007AD411 /* PBXContainerItemProxy */ = {
			isa = PBXContainerItemProxy;
			containerPortal = E779455A2B90B9C100B8FF5C /* Project object */;
			proxyType = 1;
			remoteGlobalIDString = E70173E52B90BECF007AD411;
			remoteInfo = biblewidgetExtension;
		};
/* End PBXContainerItemProxy section */

/* Begin PBXCopyFilesBuildPhase section */
		E70173FA2B90BED2007AD411 /* Embed Foundation Extensions */ = {
			isa = PBXCopyFilesBuildPhase;
			buildActionMask = 2147483647;
			dstPath = "";
			dstSubfolderSpec = 13;
			files = (
				E70173F92B90BED2007AD411 /* biblewidgetExtension.appex in Embed Foundation Extensions */,
			);
			name = "Embed Foundation Extensions";
			runOnlyForDeploymentPostprocessing = 0;
		};
/* End PBXCopyFilesBuildPhase section */

/* Begin PBXFileReference section */
		E70173E62B90BECF007AD411 /* biblewidgetExtension.appex */ = {isa = PBXFileReference; explicitFileType = "wrapper.app-extension"; includeInIndex = 0; path = biblewidgetExtension.appex; sourceTree = BUILT_PRODUCTS_DIR; };
		E70173E82B90BECF007AD411 /* WidgetKit.framework */ = {isa = PBXFileReference; lastKnownFileType = wrapper.framework; name = WidgetKit.framework; path = /System/Library/Frameworks/WidgetKit.framework; sourceTree = "<absolute>"; };
		E70173EA2B90BECF007AD411 /* SwiftUI.framework */ = {isa = PBXFileReference; lastKnownFileType = wrapper.framework; name = SwiftUI.framework; path = /System/Library/Frameworks/SwiftUI.framework; sourceTree = "<absolute>"; };
		E70173ED2B90BECF007AD411 /* biblewidgetBundle.swift */ = {isa = PBXFileReference; lastKnownFileType = sourcecode.swift; path = biblewidgetBundle.swift; sourceTree = "<group>"; };
		E70173EF2B90BECF007AD411 /* biblewidget.swift */ = {isa = PBXFileReference; lastKnownFileType = sourcecode.swift; path = biblewidget.swift; sourceTree = "<group>"; };
		E70173F12B90BECF007AD411 /* AppIntent.swift */ = {isa = PBXFileReference; lastKnownFileType = sourcecode.swift; path = AppIntent.swift; sourceTree = "<group>"; };
		E70173F32B90BED2007AD411 /* Assets.xcassets */ = {isa = PBXFileReference; lastKnownFileType = folder.assetcatalog; path = Assets.xcassets; sourceTree = "<group>"; };
		E70173F52B90BED2007AD411 /* Info.plist */ = {isa = PBXFileReference; lastKnownFileType = text.plist.xml; path = Info.plist; sourceTree = "<group>"; };
		E70173F62B90BED2007AD411 /* biblewidget.entitlements */ = {isa = PBXFileReference; lastKnownFileType = text.plist.entitlements; path = biblewidget.entitlements; sourceTree = "<group>"; };
		E77945622B90B9C100B8FF5C /* bibleverse.app */ = {isa = PBXFileReference; explicitFileType = wrapper.application; includeInIndex = 0; path = bibleverse.app; sourceTree = BUILT_PRODUCTS_DIR; };
		E77945652B90B9C100B8FF5C /* Application.swift */ = {isa = PBXFileReference; lastKnownFileType = sourcecode.swift; path = Application.swift; sourceTree = "<group>"; };
		E77945672B90B9C100B8FF5C /* ContentView.swift */ = {isa = PBXFileReference; lastKnownFileType = sourcecode.swift; path = ContentView.swift; sourceTree = "<group>"; };
		E77945692B90B9C200B8FF5C /* Assets.xcassets */ = {isa = PBXFileReference; lastKnownFileType = folder.assetcatalog; path = Assets.xcassets; sourceTree = "<group>"; };
		E779456B2B90B9C200B8FF5C /* bibleverse.entitlements */ = {isa = PBXFileReference; lastKnownFileType = text.plist.entitlements; path = bibleverse.entitlements; sourceTree = "<group>"; };
		E779456D2B90B9C200B8FF5C /* Preview Assets.xcassets */ = {isa = PBXFileReference; lastKnownFileType = folder.assetcatalog; path = "Preview Assets.xcassets"; sourceTree = "<group>"; };
/* End PBXFileReference section */

/* Begin PBXFrameworksBuildPhase section */
		E70173E32B90BECF007AD411 /* Frameworks */ = {
			isa = PBXFrameworksBuildPhase;
			buildActionMask = 2147483647;
			files = (
				E70173EB2B90BECF007AD411 /* SwiftUI.framework in Frameworks */,
				E70173E92B90BECF007AD411 /* WidgetKit.framework in Frameworks */,
			);
			runOnlyForDeploymentPostprocessing = 0;
		};
		E779455F2B90B9C100B8FF5C /* Frameworks */ = {
			isa = PBXFrameworksBuildPhase;
			buildActionMask = 2147483647;
			files = (
			);
			runOnlyForDeploymentPostprocessing = 0;
		};
/* End PBXFrameworksBuildPhase section */

/* Begin PBXGroup section */
		E70173E72B90BECF007AD411 /* Frameworks */ = {
			isa = PBXGroup;
			children = (
				E70173E82B90BECF007AD411 /* WidgetKit.framework */,
				E70173EA2B90BECF007AD411 /* SwiftUI.framework */,
			);
			name = Frameworks;
			sourceTree = "<group>";
		};
		E70173EC2B90BECF007AD411 /* biblewidget */ = {
			isa = PBXGroup;
			children = (
				E70173ED2B90BECF007AD411 /* biblewidgetBundle.swift */,
				E70173EF2B90BECF007AD411 /* biblewidget.swift */,
				E70173F12B90BECF007AD411 /* AppIntent.swift */,
				E70173F32B90BED2007AD411 /* Assets.xcassets */,
				E70173F52B90BED2007AD411 /* Info.plist */,
				E70173F62B90BED2007AD411 /* biblewidget.entitlements */,
			);
			path = biblewidget;
			sourceTree = "<group>";
		};
		E77945592B90B9C100B8FF5C = {
			isa = PBXGroup;
			children = (
				E77945642B90B9C100B8FF5C /* bibleverse */,
				E70173EC2B90BECF007AD411 /* biblewidget */,
				E70173E72B90BECF007AD411 /* Frameworks */,
				E77945632B90B9C100B8FF5C /* Products */,
			);
			sourceTree = "<group>";
		};
		E77945632B90B9C100B8FF5C /* Products */ = {
			isa = PBXGroup;
			children = (
				E77945622B90B9C100B8FF5C /* bibleverse.app */,
				E70173E62B90BECF007AD411 /* biblewidgetExtension.appex */,
			);
			name = Products;
			sourceTree = "<group>";
		};
		E77945642B90B9C100B8FF5C /* bibleverse */ = {
			isa = PBXGroup;
			children = (
				E77945652B90B9C100B8FF5C /* Application.swift */,
				E77945672B90B9C100B8FF5C /* ContentView.swift */,
				E77945692B90B9C200B8FF5C /* Assets.xcassets */,
				E779456B2B90B9C200B8FF5C /* bibleverse.entitlements */,
				E779456C2B90B9C200B8FF5C /* Preview Content */,
			);
			path = bibleverse;
			sourceTree = "<group>";
		};
		E779456C2B90B9C200B8FF5C /* Preview Content */ = {
			isa = PBXGroup;
			children = (
				E779456D2B90B9C200B8FF5C /* Preview Assets.xcassets */,
			);
			path = "Preview Content";
			sourceTree = "<group>";
		};
/* End PBXGroup section */

/* Begin PBXNativeTarget section */
		E70173E52B90BECF007AD411 /* biblewidgetExtension */ = {
			isa = PBXNativeTarget;
			buildConfigurationList = E70173FD2B90BED2007AD411 /* Build configuration list for PBXNativeTarget "biblewidgetExtension" */;
			buildPhases = (
				E70173E22B90BECF007AD411 /* Sources */,
				E70173E32B90BECF007AD411 /* Frameworks */,
				E70173E42B90BECF007AD411 /* Resources */,
			);
			buildRules = (
			);
			dependencies = (
			);
			name = biblewidgetExtension;
			productName = biblewidgetExtension;
			productReference = E70173E62B90BECF007AD411 /* biblewidgetExtension.appex */;
			productType = "com.apple.product-type.app-extension";
		};
		E77945612B90B9C100B8FF5C /* bibleverse */ = {
			isa = PBXNativeTarget;
			buildConfigurationList = E77945712B90B9C200B8FF5C /* Build configuration list for PBXNativeTarget "bibleverse" */;
			buildPhases = (
				E779455E2B90B9C100B8FF5C /* Sources */,
				E779455F2B90B9C100B8FF5C /* Frameworks */,
				E77945602B90B9C100B8FF5C /* Resources */,
				E70173FA2B90BED2007AD411 /* Embed Foundation Extensions */,
			);
			buildRules = (
			);
			dependencies = (
				E70173F82B90BED2007AD411 /* PBXTargetDependency */,
			);
			name = bibleverse;
			productName = bibleverse;
			productReference = E77945622B90B9C100B8FF5C /* bibleverse.app */;
			productType = "com.apple.product-type.application";
		};
/* End PBXNativeTarget section */

/* Begin PBXProject section */
		E779455A2B90B9C100B8FF5C /* Project object */ = {
			isa = PBXProject;
			attributes = {
				BuildIndependentTargetsInParallel = 1;
				LastSwiftUpdateCheck = 1520;
				LastUpgradeCheck = 1520;
				TargetAttributes = {
					E70173E52B90BECF007AD411 = {
						CreatedOnToolsVersion = 15.2;
					};
					E77945612B90B9C100B8FF5C = {
						CreatedOnToolsVersion = 15.2;
					};
				};
			};
			buildConfigurationList = E779455D2B90B9C100B8FF5C /* Build configuration list for PBXProject "bibleverse" */;
			compatibilityVersion = "Xcode 14.0";
			developmentRegion = en;
			hasScannedForEncodings = 0;
			knownRegions = (
				en,
				Base,
			);
			mainGroup = E77945592B90B9C100B8FF5C;
			productRefGroup = E77945632B90B9C100B8FF5C /* Products */;
			projectDirPath = "";
			projectRoot = "";
			targets = (
				E77945612B90B9C100B8FF5C /* bibleverse */,
				E70173E52B90BECF007AD411 /* biblewidgetExtension */,
			);
		};
/* End PBXProject section */

/* Begin PBXResourcesBuildPhase section */
		E70173E42B90BECF007AD411 /* Resources */ = {
			isa = PBXResourcesBuildPhase;
			buildActionMask = 2147483647;
			files = (
				E70173F42B90BED2007AD411 /* Assets.xcassets in Resources */,
			);
			runOnlyForDeploymentPostprocessing = 0;
		};
		E77945602B90B9C100B8FF5C /* Resources */ = {
			isa = PBXResourcesBuildPhase;
			buildActionMask = 2147483647;
			files = (
				E779456E2B90B9C200B8FF5C /* Preview Assets.xcassets in Resources */,
				E779456A2B90B9C200B8FF5C /* Assets.xcassets in Resources */,
			);
			runOnlyForDeploymentPostprocessing = 0;
		};
/* End PBXResourcesBuildPhase section */

/* Begin PBXSourcesBuildPhase section */
		E70173E22B90BECF007AD411 /* Sources */ = {
			isa = PBXSourcesBuildPhase;
			buildActionMask = 2147483647;
			files = (
				E70173F02B90BECF007AD411 /* biblewidget.swift in Sources */,
				E70173EE2B90BECF007AD411 /* biblewidgetBundle.swift in Sources */,
				E70173F22B90BECF007AD411 /* AppIntent.swift in Sources */,
			);
			runOnlyForDeploymentPostprocessing = 0;
		};
		E779455E2B90B9C100B8FF5C /* Sources */ = {
			isa = PBXSourcesBuildPhase;
			buildActionMask = 2147483647;
			files = (
				E77945682B90B9C100B8FF5C /* ContentView.swift in Sources */,
				E77945662B90B9C100B8FF5C /* Application.swift in Sources */,
			);
			runOnlyForDeploymentPostprocessing = 0;
		};
/* End PBXSourcesBuildPhase section */

/* Begin PBXTargetDependency section */
		E70173F82B90BED2007AD411 /* PBXTargetDependency */ = {
			isa = PBXTargetDependency;
			target = E70173E52B90BECF007AD411 /* biblewidgetExtension */;
			targetProxy = E70173F72B90BED2007AD411 /* PBXContainerItemProxy */;
		};
/* End PBXTargetDependency section */

/* Begin XCBuildConfiguration section */
		E70173FB2B90BED2007AD411 /* Debug */ = {
			isa = XCBuildConfiguration;
			buildSettings = {
				ASSETCATALOG_COMPILER_GLOBAL_ACCENT_COLOR_NAME = AccentColor;
				ASSETCATALOG_COMPILER_WIDGET_BACKGROUND_COLOR_NAME = WidgetBackground;
				CODE_SIGN_ENTITLEMENTS = biblewidget/biblewidget.entitlements;
				CODE_SIGN_STYLE = Automatic;
				CURRENT_PROJECT_VERSION = 1;
				DEVELOPMENT_TEAM = ZK5Z2R2KTA;
				ENABLE_HARDENED_RUNTIME = YES;
				GENERATE_INFOPLIST_FILE = YES;
				INFOPLIST_FILE = biblewidget/Info.plist;
				INFOPLIST_KEY_CFBundleDisplayName = biblewidget;
				INFOPLIST_KEY_NSHumanReadableCopyright = "";
				IPHONEOS_DEPLOYMENT_TARGET = 17.2;
				LD_RUNPATH_SEARCH_PATHS = (
					"$(inherited)",
					"@executable_path/Frameworks",
					"@executable_path/../../Frameworks",
				);
				"LD_RUNPATH_SEARCH_PATHS[sdk=macosx*]" = (
					"$(inherited)",
					"@executable_path/../Frameworks",
					"@executable_path/../../../../Frameworks",
				);
				MACOSX_DEPLOYMENT_TARGET = 14.0;
				MARKETING_VERSION = 1.0;
				PRODUCT_BUNDLE_IDENTIFIER = net.unboundbible.bibleverse.biblewidget;
				PRODUCT_NAME = "$(TARGET_NAME)";
				SDKROOT = auto;
				SKIP_INSTALL = YES;
				SUPPORTED_PLATFORMS = "iphoneos iphonesimulator macosx";
				SWIFT_EMIT_LOC_STRINGS = YES;
				SWIFT_VERSION = 5.0;
				TARGETED_DEVICE_FAMILY = "1,2";
			};
			name = Debug;
		};
		E70173FC2B90BED2007AD411 /* Release */ = {
			isa = XCBuildConfiguration;
			buildSettings = {
				ASSETCATALOG_COMPILER_GLOBAL_ACCENT_COLOR_NAME = AccentColor;
				ASSETCATALOG_COMPILER_WIDGET_BACKGROUND_COLOR_NAME = WidgetBackground;
				CODE_SIGN_ENTITLEMENTS = biblewidget/biblewidget.entitlements;
				CODE_SIGN_STYLE = Automatic;
				CURRENT_PROJECT_VERSION = 1;
				DEVELOPMENT_TEAM = ZK5Z2R2KTA;
				ENABLE_HARDENED_RUNTIME = YES;
				GENERATE_INFOPLIST_FILE = YES;
				INFOPLIST_FILE = biblewidget/Info.plist;
				INFOPLIST_KEY_CFBundleDisplayName = biblewidget;
				INFOPLIST_KEY_NSHumanReadableCopyright = "";
				IPHONEOS_DEPLOYMENT_TARGET = 17.2;
				LD_RUNPATH_SEARCH_PATHS = (
					"$(inherited)",
					"@executable_path/Frameworks",
					"@executable_path/../../Frameworks",
				);
				"LD_RUNPATH_SEARCH_PATHS[sdk=macosx*]" = (
					"$(inherited)",
					"@executable_path/../Frameworks",
					"@executable_path/../../../../Frameworks",
				);
				MACOSX_DEPLOYMENT_TARGET = 14.0;
				MARKETING_VERSION = 1.0;
				PRODUCT_BUNDLE_IDENTIFIER = net.unboundbible.bibleverse.biblewidget;
				PRODUCT_NAME = "$(TARGET_NAME)";
				SDKROOT = auto;
				SKIP_INSTALL = YES;
				SUPPORTED_PLATFORMS = "iphoneos iphonesimulator macosx";
				SWIFT_EMIT_LOC_STRINGS = YES;
				SWIFT_VERSION = 5.0;
				TARGETED_DEVICE_FAMILY = "1,2";
			};
			name = Release;
		};
		E779456F2B90B9C200B8FF5C /* Debug */ = {
			isa = XCBuildConfiguration;
			buildSettings = {
				ALWAYS_SEARCH_USER_PATHS = NO;
				ASSETCATALOG_COMPILER_GENERATE_SWIFT_ASSET_SYMBOL_EXTENSIONS = YES;
				CLANG_ANALYZER_NONNULL = YES;
				CLANG_ANALYZER_NUMBER_OBJECT_CONVERSION = YES_AGGRESSIVE;
				CLANG_CXX_LANGUAGE_STANDARD = "gnu++20";
				CLANG_ENABLE_MODULES = YES;
				CLANG_ENABLE_OBJC_ARC = YES;
				CLANG_ENABLE_OBJC_WEAK = YES;
				CLANG_WARN_BLOCK_CAPTURE_AUTORELEASING = YES;
				CLANG_WARN_BOOL_CONVERSION = YES;
				CLANG_WARN_COMMA = YES;
				CLANG_WARN_CONSTANT_CONVERSION = YES;
				CLANG_WARN_DEPRECATED_OBJC_IMPLEMENTATIONS = YES;
				CLANG_WARN_DIRECT_OBJC_ISA_USAGE = YES_ERROR;
				CLANG_WARN_DOCUMENTATION_COMMENTS = YES;
				CLANG_WARN_EMPTY_BODY = YES;
				CLANG_WARN_ENUM_CONVERSION = YES;
				CLANG_WARN_INFINITE_RECURSION = YES;
				CLANG_WARN_INT_CONVERSION = YES;
				CLANG_WARN_NON_LITERAL_NULL_CONVERSION = YES;
				CLANG_WARN_OBJC_IMPLICIT_RETAIN_SELF = YES;
				CLANG_WARN_OBJC_LITERAL_CONVERSION = YES;
				CLANG_WARN_OBJC_ROOT_CLASS = YES_ERROR;
				CLANG_WARN_QUOTED_INCLUDE_IN_FRAMEWORK_HEADER = YES;
				CLANG_WARN_RANGE_LOOP_ANALYSIS = YES;
				CLANG_WARN_STRICT_PROTOTYPES = YES;
				CLANG_WARN_SUSPICIOUS_MOVE = YES;
				CLANG_WARN_UNGUARDED_AVAILABILITY = YES_AGGRESSIVE;
				CLANG_WARN_UNREACHABLE_CODE = YES;
				CLANG_WARN__DUPLICATE_METHOD_MATCH = YES;
				COPY_PHASE_STRIP = NO;
				DEBUG_INFORMATION_FORMAT = dwarf;
				ENABLE_STRICT_OBJC_MSGSEND = YES;
				ENABLE_TESTABILITY = YES;
				ENABLE_USER_SCRIPT_SANDBOXING = YES;
				GCC_C_LANGUAGE_STANDARD = gnu17;
				GCC_DYNAMIC_NO_PIC = NO;
				GCC_NO_COMMON_BLOCKS = YES;
				GCC_OPTIMIZATION_LEVEL = 0;
				GCC_PREPROCESSOR_DEFINITIONS = (
					"DEBUG=1",
					"$(inherited)",
				);
				GCC_WARN_64_TO_32_BIT_CONVERSION = YES;
				GCC_WARN_ABOUT_RETURN_TYPE = YES_ERROR;
				GCC_WARN_UNDECLARED_SELECTOR = YES;
				GCC_WARN_UNINITIALIZED_AUTOS = YES_AGGRESSIVE;
				GCC_WARN_UNUSED_FUNCTION = YES;
				GCC_WARN_UNUSED_VARIABLE = YES;
				LOCALIZATION_PREFERS_STRING_CATALOGS = YES;
				MTL_ENABLE_DEBUG_INFO = INCLUDE_SOURCE;
				MTL_FAST_MATH = YES;
				ONLY_ACTIVE_ARCH = YES;
				SWIFT_ACTIVE_COMPILATION_CONDITIONS = "DEBUG $(inherited)";
				SWIFT_OPTIMIZATION_LEVEL = "-Onone";
			};
			name = Debug;
		};
		E77945702B90B9C200B8FF5C /* Release */ = {
			isa = XCBuildConfiguration;
			buildSettings = {
				ALWAYS_SEARCH_USER_PATHS = NO;
				ASSETCATALOG_COMPILER_GENERATE_SWIFT_ASSET_SYMBOL_EXTENSIONS = YES;
				CLANG_ANALYZER_NONNULL = YES;
				CLANG_ANALYZER_NUMBER_OBJECT_CONVERSION = YES_AGGRESSIVE;
				CLANG_CXX_LANGUAGE_STANDARD = "gnu++20";
				CLANG_ENABLE_MODULES = YES;
				CLANG_ENABLE_OBJC_ARC = YES;
				CLANG_ENABLE_OBJC_WEAK = YES;
				CLANG_WARN_BLOCK_CAPTURE_AUTORELEASING = YES;
				CLANG_WARN_BOOL_CONVERSION = YES;
				CLANG_WARN_COMMA = YES;
				CLANG_WARN_CONSTANT_CONVERSION = YES;
				CLANG_WARN_DEPRECATED_OBJC_IMPLEMENTATIONS = YES;
				CLANG_WARN_DIRECT_OBJC_ISA_USAGE = YES_ERROR;
				CLANG_WARN_DOCUMENTATION_COMMENTS = YES;
				CLANG_WARN_EMPTY_BODY = YES;
				CLANG_WARN_ENUM_CONVERSION = YES;
				CLANG_WARN_INFINITE_RECURSION = YES;
				CLANG_WARN_INT_CONVERSION = YES;
				CLANG_WARN_NON_LITERAL_NULL_CONVERSION = YES;
				CLANG_WARN_OBJC_IMPLICIT_RETAIN_SELF = YES;
				CLANG_WARN_OBJC_LITERAL_CONVERSION = YES;
				CLANG_WARN_OBJC_ROOT_CLASS = YES_ERROR;
				CLANG_WARN_QUOTED_INCLUDE_IN_FRAMEWORK_HEADER = YES;
				CLANG_WARN_RANGE_LOOP_ANALYSIS = YES;
				CLANG_WARN_STRICT_PROTOTYPES = YES;
				CLANG_WARN_SUSPICIOUS_MOVE = YES;
				CLANG_WARN_UNGUARDED_AVAILABILITY = YES_AGGRESSIVE;
				CLANG_WARN_UNREACHABLE_CODE = YES;
				CLANG_WARN__DUPLICATE_METHOD_MATCH = YES;
				COPY_PHASE_STRIP = NO;
				DEBUG_INFORMATION_FORMAT = "dwarf-with-dsym";
				ENABLE_NS_ASSERTIONS = NO;
				ENABLE_STRICT_OBJC_MSGSEND = YES;
				ENABLE_USER_SCRIPT_SANDBOXING = YES;
				GCC_C_LANGUAGE_STANDARD = gnu17;
				GCC_NO_COMMON_BLOCKS = YES;
				GCC_WARN_64_TO_32_BIT_CONVERSION = YES;
				GCC_WARN_ABOUT_RETURN_TYPE = YES_ERROR;
				GCC_WARN_UNDECLARED_SELECTOR = YES;
				GCC_WARN_UNINITIALIZED_AUTOS = YES_AGGRESSIVE;
				GCC_WARN_UNUSED_FUNCTION = YES;
				GCC_WARN_UNUSED_VARIABLE = YES;
				LOCALIZATION_PREFERS_STRING_CATALOGS = YES;
				MTL_ENABLE_DEBUG_INFO = NO;
				MTL_FAST_MATH = YES;
				SWIFT_COMPILATION_MODE = wholemodule;
			};
			name = Release;
		};
		E77945722B90B9C200B8FF5C /* Debug */ = {
			isa = XCBuildConfiguration;
			buildSettings = {
				ALWAYS_EMBED_SWIFT_STANDARD_LIBRARIES = YES;
				ASSETCATALOG_COMPILER_APPICON_NAME = AppIcon;
				ASSETCATALOG_COMPILER_GLOBAL_ACCENT_COLOR_NAME = AccentColor;
				CODE_SIGN_ENTITLEMENTS = bibleverse/bibleverse.entitlements;
				CODE_SIGN_STYLE = Automatic;
				CURRENT_PROJECT_VERSION = 1;
				DEVELOPMENT_ASSET_PATHS = "\"bibleverse/Preview Content\"";
				DEVELOPMENT_TEAM = ZK5Z2R2KTA;
				ENABLE_HARDENED_RUNTIME = YES;
				ENABLE_PREVIEWS = YES;
				GENERATE_INFOPLIST_FILE = YES;
				"INFOPLIST_KEY_UIApplicationSceneManifest_Generation[sdk=iphoneos*]" = YES;
				"INFOPLIST_KEY_UIApplicationSceneManifest_Generation[sdk=iphonesimulator*]" = YES;
				"INFOPLIST_KEY_UIApplicationSupportsIndirectInputEvents[sdk=iphoneos*]" = YES;
				"INFOPLIST_KEY_UIApplicationSupportsIndirectInputEvents[sdk=iphonesimulator*]" = YES;
				"INFOPLIST_KEY_UILaunchScreen_Generation[sdk=iphoneos*]" = YES;
				"INFOPLIST_KEY_UILaunchScreen_Generation[sdk=iphonesimulator*]" = YES;
				"INFOPLIST_KEY_UIStatusBarStyle[sdk=iphoneos*]" = UIStatusBarStyleDefault;
				"INFOPLIST_KEY_UIStatusBarStyle[sdk=iphonesimulator*]" = UIStatusBarStyleDefault;
				INFOPLIST_KEY_UISupportedInterfaceOrientations_iPad = "UIInterfaceOrientationPortrait UIInterfaceOrientationPortraitUpsideDown UIInterfaceOrientationLandscapeLeft UIInterfaceOrientationLandscapeRight";
				INFOPLIST_KEY_UISupportedInterfaceOrientations_iPhone = "UIInterfaceOrientationPortrait UIInterfaceOrientationLandscapeLeft UIInterfaceOrientationLandscapeRight";
				IPHONEOS_DEPLOYMENT_TARGET = 17.2;
				LD_RUNPATH_SEARCH_PATHS = "@executable_path/Frameworks";
				"LD_RUNPATH_SEARCH_PATHS[sdk=macosx*]" = "@executable_path/../Frameworks";
				MACOSX_DEPLOYMENT_TARGET = 14.2;
				MARKETING_VERSION = 1.0;
				PRODUCT_BUNDLE_IDENTIFIER = net.unboundbible.bibleverse;
				PRODUCT_NAME = "$(TARGET_NAME)";
				SDKROOT = auto;
				SUPPORTED_PLATFORMS = "iphoneos iphonesimulator macosx";
				SWIFT_EMIT_LOC_STRINGS = YES;
				SWIFT_VERSION = 5.0;
				TARGETED_DEVICE_FAMILY = "1,2";
			};
			name = Debug;
		};
		E77945732B90B9C200B8FF5C /* Release */ = {
			isa = XCBuildConfiguration;
			buildSettings = {
				ALWAYS_EMBED_SWIFT_STANDARD_LIBRARIES = YES;
				ASSETCATALOG_COMPILER_APPICON_NAME = AppIcon;
				ASSETCATALOG_COMPILER_GLOBAL_ACCENT_COLOR_NAME = AccentColor;
				CODE_SIGN_ENTITLEMENTS = bibleverse/bibleverse.entitlements;
				CODE_SIGN_STYLE = Automatic;
				CURRENT_PROJECT_VERSION = 1;
				DEVELOPMENT_ASSET_PATHS = "\"bibleverse/Preview Content\"";
				DEVELOPMENT_TEAM = ZK5Z2R2KTA;
				ENABLE_HARDENED_RUNTIME = YES;
				ENABLE_PREVIEWS = YES;
				GENERATE_INFOPLIST_FILE = YES;
				"INFOPLIST_KEY_UIApplicationSceneManifest_Generation[sdk=iphoneos*]" = YES;
				"INFOPLIST_KEY_UIApplicationSceneManifest_Generation[sdk=iphonesimulator*]" = YES;
				"INFOPLIST_KEY_UIApplicationSupportsIndirectInputEvents[sdk=iphoneos*]" = YES;
				"INFOPLIST_KEY_UIApplicationSupportsIndirectInputEvents[sdk=iphonesimulator*]" = YES;
				"INFOPLIST_KEY_UILaunchScreen_Generation[sdk=iphoneos*]" = YES;
				"INFOPLIST_KEY_UILaunchScreen_Generation[sdk=iphonesimulator*]" = YES;
				"INFOPLIST_KEY_UIStatusBarStyle[sdk=iphoneos*]" = UIStatusBarStyleDefault;
				"INFOPLIST_KEY_UIStatusBarStyle[sdk=iphonesimulator*]" = UIStatusBarStyleDefault;
				INFOPLIST_KEY_UISupportedInterfaceOrientations_iPad = "UIInterfaceOrientationPortrait UIInterfaceOrientationPortraitUpsideDown UIInterfaceOrientationLandscapeLeft UIInterfaceOrientationLandscapeRight";
				INFOPLIST_KEY_UISupportedInterfaceOrientations_iPhone = "UIInterfaceOrientationPortrait UIInterfaceOrientationLandscapeLeft UIInterfaceOrientationLandscapeRight";
				IPHONEOS_DEPLOYMENT_TARGET = 17.2;
				LD_RUNPATH_SEARCH_PATHS = "@executable_path/Frameworks";
				"LD_RUNPATH_SEARCH_PATHS[sdk=macosx*]" = "@executable_path/../Frameworks";
				MACOSX_DEPLOYMENT_TARGET = 14.2;
				MARKETING_VERSION = 1.0;
				PRODUCT_BUNDLE_IDENTIFIER = net.unboundbible.bibleverse;
				PRODUCT_NAME = "$(TARGET_NAME)";
				SDKROOT = auto;
				SUPPORTED_PLATFORMS = "iphoneos iphonesimulator macosx";
				SWIFT_EMIT_LOC_STRINGS = YES;
				SWIFT_VERSION = 5.0;
				TARGETED_DEVICE_FAMILY = "1,2";
			};
			name = Release;
		};
/* End XCBuildConfiguration section */

/* Begin XCConfigurationList section */
		E70173FD2B90BED2007AD411 /* Build configuration list for PBXNativeTarget "biblewidgetExtension" */ = {
			isa = XCConfigurationList;
			buildConfigurations = (
				E70173FB2B90BED2007AD411 /* Debug */,
				E70173FC2B90BED2007AD411 /* Release */,
			);
			defaultConfigurationIsVisible = 0;
			defaultConfigurationName = Release;
		};
		E779455D2B90B9C100B8FF5C /* Build configuration list for PBXProject "bibleverse" */ = {
			isa = XCConfigurationList;
			buildConfigurations = (
				E779456F2B90B9C200B8FF5C /* Debug */,
				E77945702B90B9C200B8FF5C /* Release */,
			);
			defaultConfigurationIsVisible = 0;
			defaultConfigurationName = Release;
		};
		E77945712B90B9C200B8FF5C /* Build configuration list for PBXNativeTarget "bibleverse" */ = {
			isa = XCConfigurationList;
			buildConfigurations = (
				E77945722B90B9C200B8FF5C /* Debug */,
				E77945732B90B9C200B8FF5C /* Release */,
			);
			defaultConfigurationIsVisible = 0;
			defaultConfigurationName = Release;
		};
/* End XCConfigurationList section */
	};
	rootObject = E779455A2B90B9C100B8FF5C /* Project object */;
}
